
Microsoft Visual Studio Solution File, Format Version 12.00
# Visual Studio Version 17
VisualStudioVersion = 17.4.33205.214
MinimumVisualStudioVersion = 10.0.40219.1
Project("{FAE04EC0-301F-11D3-BF4B-00C04F79EFBC}") = "PracticalExercises", "PracticalExercises\PracticalExercises.csproj", "{F40CBF58-21A4-4CBE-88EB-9DD1A8E10DC5}"
EndProject
Global
	GlobalSection(SolutionConfigurationPlatforms) = preSolution
		Debug|Any CPU = Debug|Any CPU
		Release|Any CPU = Release|Any CPU
	EndGlobalSection
	GlobalSection(ProjectConfigurationPlatforms) = postSolution
		{F40CBF58-21A4-4CBE-88EB-9DD1A8E10DC5}.Debug|Any CPU.ActiveCfg = Debug|Any CPU
		{F40CBF58-21A4-4CBE-88EB-9DD1A8E10DC5}.Debug|Any CPU.Build.0 = Debug|Any CPU
		{F40CBF58-21A4-4CBE-88EB-9DD1A8E10DC5}.Release|Any CPU.ActiveCfg = Release|Any CPU
		{F40CBF58-21A4-4CBE-88EB-9DD1A8E10DC5}.Release|Any CPU.Build.0 = Release|Any CPU
	EndGlobalSection
	GlobalSection(SolutionProperties) = preSolution
		HideSolutionNode = FALSE
	EndGlobalSection
	GlobalSection(ExtensibilityGlobals) = postSolution
		SolutionGuid = {CBC34B34-CEEC-4FA6-8897-0854176982F5}
	EndGlobalSection
EndGlobal
